// !$*UTF8*$!
{
	archiveVersion = 1;
	classes = {
	};
	objectVersion = 50;
	objects = {

/* Begin PBXBuildFile section */
		5A838ED48BAAB2F30420E9D1 /* Pods_DYZB.framework in Frameworks */ = {isa = PBXBuildFile; fileRef = 3160C585750331D8F051DB15 /* Pods_DYZB.framework */; };
		9F03DE8120E7946300EC6F79 /* RecommandViewController.swift in Sources */ = {isa = PBXBuildFile; fileRef = 9F03DE8020E7946300EC6F79 /* RecommandViewController.swift */; };
		9F03DE8420E7B51600EC6F79 /* CollectionHeaderView.swift in Sources */ = {isa = PBXBuildFile; fileRef = 9F03DE8220E7B51600EC6F79 /* CollectionHeaderView.swift */; };
		9F03DE8520E7B51600EC6F79 /* CollectionHeaderView.xib in Resources */ = {isa = PBXBuildFile; fileRef = 9F03DE8320E7B51600EC6F79 /* CollectionHeaderView.xib */; };
		9F03DE8820E7C6AD00EC6F79 /* CollectionNormalCell.swift in Sources */ = {isa = PBXBuildFile; fileRef = 9F03DE8620E7C6AD00EC6F79 /* CollectionNormalCell.swift */; };
		9F03DE8920E7C6AD00EC6F79 /* CollectionNormalCell.xib in Resources */ = {isa = PBXBuildFile; fileRef = 9F03DE8720E7C6AD00EC6F79 /* CollectionNormalCell.xib */; };
		9F03DE8C20E7E9B500EC6F79 /* CollectionPrettyCell.swift in Sources */ = {isa = PBXBuildFile; fileRef = 9F03DE8A20E7E9B500EC6F79 /* CollectionPrettyCell.swift */; };
		9F03DE8D20E7E9B500EC6F79 /* CollectionPrettyCell.xib in Resources */ = {isa = PBXBuildFile; fileRef = 9F03DE8B20E7E9B500EC6F79 /* CollectionPrettyCell.xib */; };
		9F0E734E20E4828E00207595 /* Home.storyboard in Resources */ = {isa = PBXBuildFile; fileRef = 9F0E734C20E4828E00207595 /* Home.storyboard */; };
		9F0E735120E4885300207595 /* Live.storyboard in Resources */ = {isa = PBXBuildFile; fileRef = 9F0E734F20E4885300207595 /* Live.storyboard */; };
		9F0E735720E4890A00207595 /* Follow.storyboard in Resources */ = {isa = PBXBuildFile; fileRef = 9F0E735520E4890A00207595 /* Follow.storyboard */; };
		9F0E735A20E4892B00207595 /* Profile.storyboard in Resources */ = {isa = PBXBuildFile; fileRef = 9F0E735820E4892B00207595 /* Profile.storyboard */; };
		9F0E736420E4B9AD00207595 /* MainViewController.swift in Sources */ = {isa = PBXBuildFile; fileRef = 9F0E736220E4B9AD00207595 /* MainViewController.swift */; };
		9F0E736620E4BA2500207595 /* HomeViewController.swift in Sources */ = {isa = PBXBuildFile; fileRef = 9F0E736520E4BA2500207595 /* HomeViewController.swift */; };
		9F0E736920E4CEE700207595 /* UIBarButton_Extension.swift in Sources */ = {isa = PBXBuildFile; fileRef = 9F0E736820E4CEE700207595 /* UIBarButton_Extension.swift */; };
		9F0E736B20E4F94B00207595 /* PageTitleView.swift in Sources */ = {isa = PBXBuildFile; fileRef = 9F0E736A20E4F94B00207595 /* PageTitleView.swift */; };
		9F0E736D20E4FE3800207595 /* Common.swift in Sources */ = {isa = PBXBuildFile; fileRef = 9F0E736C20E4FE3800207595 /* Common.swift */; };
		9F0E736F20E5284B00207595 /* PageContentView.swift in Sources */ = {isa = PBXBuildFile; fileRef = 9F0E736E20E5284B00207595 /* PageContentView.swift */; };
		9F0E737120E5359100207595 /* UIColor_Extension.swift in Sources */ = {isa = PBXBuildFile; fileRef = 9F0E737020E5359100207595 /* UIColor_Extension.swift */; };
		9F0E76C020E8C49700DE3FF5 /* RecommendViewModel.swift in Sources */ = {isa = PBXBuildFile; fileRef = 9F0E76BF20E8C49700DE3FF5 /* RecommendViewModel.swift */; };
		9F0E76C220E8D38B00DE3FF5 /* NSDate_extension.swift in Sources */ = {isa = PBXBuildFile; fileRef = 9F0E76C120E8D38B00DE3FF5 /* NSDate_extension.swift */; };
		9F0E76C420E8E49900DE3FF5 /* AnchorGroup.swift in Sources */ = {isa = PBXBuildFile; fileRef = 9F0E76C320E8E49900DE3FF5 /* AnchorGroup.swift */; };
		9F2CD26620E87AC2000177BA /* NetworkTools.swift in Sources */ = {isa = PBXBuildFile; fileRef = 9F2CD26520E87AC2000177BA /* NetworkTools.swift */; };
		9F6D423420E92DBA0002360A /* AnchorModel.swift in Sources */ = {isa = PBXBuildFile; fileRef = 9F6D423320E92DBA0002360A /* AnchorModel.swift */; };
		9FDBAAAD20E3C00F00FBB57F /* AppDelegate.swift in Sources */ = {isa = PBXBuildFile; fileRef = 9FDBAAAC20E3C00F00FBB57F /* AppDelegate.swift */; };
		9FDBAAB220E3C00F00FBB57F /* Main.storyboard in Resources */ = {isa = PBXBuildFile; fileRef = 9FDBAAB020E3C00F00FBB57F /* Main.storyboard */; };
		9FDBAAB420E3C01100FBB57F /* Assets.xcassets in Resources */ = {isa = PBXBuildFile; fileRef = 9FDBAAB320E3C01100FBB57F /* Assets.xcassets */; };
		9FDBAAB720E3C01100FBB57F /* LaunchScreen.storyboard in Resources */ = {isa = PBXBuildFile; fileRef = 9FDBAAB520E3C01100FBB57F /* LaunchScreen.storyboard */; };
/* End PBXBuildFile section */

/* Begin PBXFileReference section */
		3160C585750331D8F051DB15 /* Pods_DYZB.framework */ = {isa = PBXFileReference; explicitFileType = wrapper.framework; includeInIndex = 0; path = Pods_DYZB.framework; sourceTree = BUILT_PRODUCTS_DIR; };
		9F03DE8020E7946300EC6F79 /* RecommandViewController.swift */ = {isa = PBXFileReference; lastKnownFileType = sourcecode.swift; path = RecommandViewController.swift; sourceTree = "<group>"; };
		9F03DE8220E7B51600EC6F79 /* CollectionHeaderView.swift */ = {isa = PBXFileReference; lastKnownFileType = sourcecode.swift; path = CollectionHeaderView.swift; sourceTree = "<group>"; };
		9F03DE8320E7B51600EC6F79 /* CollectionHeaderView.xib */ = {isa = PBXFileReference; lastKnownFileType = file.xib; path = CollectionHeaderView.xib; sourceTree = "<group>"; };
		9F03DE8620E7C6AD00EC6F79 /* CollectionNormalCell.swift */ = {isa = PBXFileReference; lastKnownFileType = sourcecode.swift; path = CollectionNormalCell.swift; sourceTree = "<group>"; };
		9F03DE8720E7C6AD00EC6F79 /* CollectionNormalCell.xib */ = {isa = PBXFileReference; lastKnownFileType = file.xib; path = CollectionNormalCell.xib; sourceTree = "<group>"; };
		9F03DE8A20E7E9B500EC6F79 /* CollectionPrettyCell.swift */ = {isa = PBXFileReference; lastKnownFileType = sourcecode.swift; path = CollectionPrettyCell.swift; sourceTree = "<group>"; };
		9F03DE8B20E7E9B500EC6F79 /* CollectionPrettyCell.xib */ = {isa = PBXFileReference; lastKnownFileType = file.xib; path = CollectionPrettyCell.xib; sourceTree = "<group>"; };
		9F0E734D20E4828E00207595 /* Base */ = {isa = PBXFileReference; lastKnownFileType = file.storyboard; name = Base; path = Base.lproj/Home.storyboard; sourceTree = "<group>"; };
		9F0E735020E4885300207595 /* Base */ = {isa = PBXFileReference; lastKnownFileType = file.storyboard; name = Base; path = Base.lproj/Live.storyboard; sourceTree = "<group>"; };
		9F0E735620E4890A00207595 /* Base */ = {isa = PBXFileReference; lastKnownFileType = file.storyboard; name = Base; path = Base.lproj/Follow.storyboard; sourceTree = "<group>"; };
		9F0E735920E4892B00207595 /* Base */ = {isa = PBXFileReference; lastKnownFileType = file.storyboard; name = Base; path = Base.lproj/Profile.storyboard; sourceTree = "<group>"; };
		9F0E736220E4B9AD00207595 /* MainViewController.swift */ = {isa = PBXFileReference; fileEncoding = 4; lastKnownFileType = sourcecode.swift; path = MainViewController.swift; sourceTree = "<group>"; };
		9F0E736520E4BA2500207595 /* HomeViewController.swift */ = {isa = PBXFileReference; lastKnownFileType = sourcecode.swift; path = HomeViewController.swift; sourceTree = "<group>"; };
		9F0E736820E4CEE700207595 /* UIBarButton_Extension.swift */ = {isa = PBXFileReference; lastKnownFileType = sourcecode.swift; path = UIBarButton_Extension.swift; sourceTree = "<group>"; };
		9F0E736A20E4F94B00207595 /* PageTitleView.swift */ = {isa = PBXFileReference; lastKnownFileType = sourcecode.swift; path = PageTitleView.swift; sourceTree = "<group>"; };
		9F0E736C20E4FE3800207595 /* Common.swift */ = {isa = PBXFileReference; lastKnownFileType = sourcecode.swift; path = Common.swift; sourceTree = "<group>"; };
		9F0E736E20E5284B00207595 /* PageContentView.swift */ = {isa = PBXFileReference; lastKnownFileType = sourcecode.swift; path = PageContentView.swift; sourceTree = "<group>"; };
		9F0E737020E5359100207595 /* UIColor_Extension.swift */ = {isa = PBXFileReference; lastKnownFileType = sourcecode.swift; path = UIColor_Extension.swift; sourceTree = "<group>"; };
		9F0E76BF20E8C49700DE3FF5 /* RecommendViewModel.swift */ = {isa = PBXFileReference; lastKnownFileType = sourcecode.swift; path = RecommendViewModel.swift; sourceTree = "<group>"; };
		9F0E76C120E8D38B00DE3FF5 /* NSDate_extension.swift */ = {isa = PBXFileReference; lastKnownFileType = sourcecode.swift; path = NSDate_extension.swift; sourceTree = "<group>"; };
		9F0E76C320E8E49900DE3FF5 /* AnchorGroup.swift */ = {isa = PBXFileReference; lastKnownFileType = sourcecode.swift; path = AnchorGroup.swift; sourceTree = "<group>"; };
		9F2CD26520E87AC2000177BA /* NetworkTools.swift */ = {isa = PBXFileReference; lastKnownFileType = sourcecode.swift; path = NetworkTools.swift; sourceTree = "<group>"; };
		9F6D423320E92DBA0002360A /* AnchorModel.swift */ = {isa = PBXFileReference; lastKnownFileType = sourcecode.swift; path = AnchorModel.swift; sourceTree = "<group>"; };
		9FDBAAA920E3C00F00FBB57F /* DYZB.app */ = {isa = PBXFileReference; explicitFileType = wrapper.application; includeInIndex = 0; path = DYZB.app; sourceTree = BUILT_PRODUCTS_DIR; };
		9FDBAAAC20E3C00F00FBB57F /* AppDelegate.swift */ = {isa = PBXFileReference; lastKnownFileType = sourcecode.swift; path = AppDelegate.swift; sourceTree = "<group>"; };
		9FDBAAB120E3C00F00FBB57F /* Base */ = {isa = PBXFileReference; lastKnownFileType = file.storyboard; name = Base; path = Base.lproj/Main.storyboard; sourceTree = "<group>"; };
		9FDBAAB320E3C01100FBB57F /* Assets.xcassets */ = {isa = PBXFileReference; lastKnownFileType = folder.assetcatalog; path = Assets.xcassets; sourceTree = "<group>"; };
		9FDBAAB620E3C01100FBB57F /* Base */ = {isa = PBXFileReference; lastKnownFileType = file.storyboard; name = Base; path = Base.lproj/LaunchScreen.storyboard; sourceTree = "<group>"; };
		9FDBAAB820E3C01100FBB57F /* Info.plist */ = {isa = PBXFileReference; lastKnownFileType = text.plist.xml; path = Info.plist; sourceTree = "<group>"; };
		C525EC32BBB167E08A17D125 /* Pods-DYZB.debug.xcconfig */ = {isa = PBXFileReference; includeInIndex = 1; lastKnownFileType = text.xcconfig; name = "Pods-DYZB.debug.xcconfig"; path = "Pods/Target Support Files/Pods-DYZB/Pods-DYZB.debug.xcconfig"; sourceTree = "<group>"; };
		EB749788A44674D5C4B6C023 /* Pods-DYZB.release.xcconfig */ = {isa = PBXFileReference; includeInIndex = 1; lastKnownFileType = text.xcconfig; name = "Pods-DYZB.release.xcconfig"; path = "Pods/Target Support Files/Pods-DYZB/Pods-DYZB.release.xcconfig"; sourceTree = "<group>"; };
/* End PBXFileReference section */

/* Begin PBXFrameworksBuildPhase section */
		9FDBAAA620E3C00F00FBB57F /* Frameworks */ = {
			isa = PBXFrameworksBuildPhase;
			buildActionMask = 2147483647;
			files = (
				5A838ED48BAAB2F30420E9D1 /* Pods_DYZB.framework in Frameworks */,
			);
			runOnlyForDeploymentPostprocessing = 0;
		};
/* End PBXFrameworksBuildPhase section */

/* Begin PBXGroup section */
		390A1FF517E151033E83681F /* Pods */ = {
			isa = PBXGroup;
			children = (
				C525EC32BBB167E08A17D125 /* Pods-DYZB.debug.xcconfig */,
				EB749788A44674D5C4B6C023 /* Pods-DYZB.release.xcconfig */,
			);
			name = Pods;
			sourceTree = "<group>";
		};
		531A20FD2A8525AF32C3379F /* Frameworks */ = {
			isa = PBXGroup;
			children = (
				3160C585750331D8F051DB15 /* Pods_DYZB.framework */,
			);
			name = Frameworks;
			sourceTree = "<group>";
		};
		9F0E735D20E4B91000207595 /* Model */ = {
			isa = PBXGroup;
			children = (
			);
			path = Model;
			sourceTree = "<group>";
		};
		9F0E735E20E4B91000207595 /* View */ = {
			isa = PBXGroup;
			children = (
				9F03DE8220E7B51600EC6F79 /* CollectionHeaderView.swift */,
				9F03DE8320E7B51600EC6F79 /* CollectionHeaderView.xib */,
			);
			path = View;
			sourceTree = "<group>";
		};
		9F0E735F20E4B91000207595 /* Controller */ = {
			isa = PBXGroup;
			children = (
				9F0E734C20E4828E00207595 /* Home.storyboard */,
				9F0E736520E4BA2500207595 /* HomeViewController.swift */,
				9F03DE8020E7946300EC6F79 /* RecommandViewController.swift */,
			);
			path = Controller;
			sourceTree = "<group>";
		};
		9F0E736020E4B9AC00207595 /* Model */ = {
			isa = PBXGroup;
			children = (
				9F0E76C320E8E49900DE3FF5 /* AnchorGroup.swift */,
				9F6D423320E92DBA0002360A /* AnchorModel.swift */,
			);
			path = Model;
			sourceTree = "<group>";
		};
		9F0E736120E4B9AD00207595 /* Controller */ = {
			isa = PBXGroup;
			children = (
				9FDBAAB020E3C00F00FBB57F /* Main.storyboard */,
				9F0E736220E4B9AD00207595 /* MainViewController.swift */,
			);
			path = Controller;
			sourceTree = "<group>";
		};
		9F0E736320E4B9AD00207595 /* View */ = {
			isa = PBXGroup;
			children = (
				9F0E736A20E4F94B00207595 /* PageTitleView.swift */,
				9F0E736E20E5284B00207595 /* PageContentView.swift */,
				9F03DE8620E7C6AD00EC6F79 /* CollectionNormalCell.swift */,
				9F03DE8720E7C6AD00EC6F79 /* CollectionNormalCell.xib */,
				9F03DE8A20E7E9B500EC6F79 /* CollectionPrettyCell.swift */,
				9F03DE8B20E7E9B500EC6F79 /* CollectionPrettyCell.xib */,
			);
			path = View;
			sourceTree = "<group>";
		};
		9F0E736720E4CB2700207595 /* Extension */ = {
			isa = PBXGroup;
			children = (
				9F0E736820E4CEE700207595 /* UIBarButton_Extension.swift */,
				9F0E736C20E4FE3800207595 /* Common.swift */,
				9F0E737020E5359100207595 /* UIColor_Extension.swift */,
				9F2CD26520E87AC2000177BA /* NetworkTools.swift */,
				9F0E76C120E8D38B00DE3FF5 /* NSDate_extension.swift */,
			);
			path = Extension;
			sourceTree = "<group>";
		};
		9F0E76BC20E8C3C500DE3FF5 /* ViewModel */ = {
			isa = PBXGroup;
			children = (
				9F0E76BF20E8C49700DE3FF5 /* RecommendViewModel.swift */,
			);
			path = ViewModel;
			sourceTree = "<group>";
		};
		9F40263F20E4632900475C7A /* Classes */ = {
			isa = PBXGroup;
			children = (
				9F40264520E4632900475C7A /* Main */,
				9F40264420E4632900475C7A /* Live */,
				9F40264020E4632900475C7A /* Home */,
				9F40264220E4632900475C7A /* Follow */,
				9F40264320E4632900475C7A /* Profile */,
				9F40264120E4632900475C7A /* Tools */,
			);
			path = Classes;
			sourceTree = "<group>";
		};
		9F40264020E4632900475C7A /* Home */ = {
			isa = PBXGroup;
			children = (
				9F0E76BC20E8C3C500DE3FF5 /* ViewModel */,
				9F0E735F20E4B91000207595 /* Controller */,
				9F0E735D20E4B91000207595 /* Model */,
				9F0E735E20E4B91000207595 /* View */,
			);
			path = Home;
			sourceTree = "<group>";
		};
		9F40264120E4632900475C7A /* Tools */ = {
			isa = PBXGroup;
			children = (
				9F0E736720E4CB2700207595 /* Extension */,
			);
			path = Tools;
			sourceTree = "<group>";
		};
		9F40264220E4632900475C7A /* Follow */ = {
			isa = PBXGroup;
			children = (
				9F0E735520E4890A00207595 /* Follow.storyboard */,
			);
			path = Follow;
			sourceTree = "<group>";
		};
		9F40264320E4632900475C7A /* Profile */ = {
			isa = PBXGroup;
			children = (
				9F0E735820E4892B00207595 /* Profile.storyboard */,
			);
			path = Profile;
			sourceTree = "<group>";
		};
		9F40264420E4632900475C7A /* Live */ = {
			isa = PBXGroup;
			children = (
				9F0E734F20E4885300207595 /* Live.storyboard */,
			);
			path = Live;
			sourceTree = "<group>";
		};
		9F40264520E4632900475C7A /* Main */ = {
			isa = PBXGroup;
			children = (
				9F0E736120E4B9AD00207595 /* Controller */,
				9F0E736020E4B9AC00207595 /* Model */,
				9F0E736320E4B9AD00207595 /* View */,
			);
			path = Main;
			sourceTree = "<group>";
		};
		9FDBAAA020E3C00F00FBB57F = {
			isa = PBXGroup;
			children = (
				9FDBAAAB20E3C00F00FBB57F /* DYZB */,
				9FDBAAAA20E3C00F00FBB57F /* Products */,
				390A1FF517E151033E83681F /* Pods */,
				531A20FD2A8525AF32C3379F /* Frameworks */,
			);
			sourceTree = "<group>";
		};
		9FDBAAAA20E3C00F00FBB57F /* Products */ = {
			isa = PBXGroup;
			children = (
				9FDBAAA920E3C00F00FBB57F /* DYZB.app */,
			);
			name = Products;
			sourceTree = "<group>";
		};
		9FDBAAAB20E3C00F00FBB57F /* DYZB */ = {
			isa = PBXGroup;
			children = (
				9F40263F20E4632900475C7A /* Classes */,
				9FDBAAAC20E3C00F00FBB57F /* AppDelegate.swift */,
				9FDBAAB320E3C01100FBB57F /* Assets.xcassets */,
				9FDBAAB520E3C01100FBB57F /* LaunchScreen.storyboard */,
				9FDBAAB820E3C01100FBB57F /* Info.plist */,
			);
			path = DYZB;
			sourceTree = "<group>";
		};
/* End PBXGroup section */

/* Begin PBXNativeTarget section */
		9FDBAAA820E3C00F00FBB57F /* DYZB */ = {
			isa = PBXNativeTarget;
			buildConfigurationList = 9FDBAABB20E3C01100FBB57F /* Build configuration list for PBXNativeTarget "DYZB" */;
			buildPhases = (
				D6AC74D0D5F72C1D703AE4CB /* [CP] Check Pods Manifest.lock */,
				9FDBAAA520E3C00F00FBB57F /* Sources */,
				9FDBAAA620E3C00F00FBB57F /* Frameworks */,
				9FDBAAA720E3C00F00FBB57F /* Resources */,
				61DEEAD3979E2F52A4BDF32A /* [CP] Embed Pods Frameworks */,
			);
			buildRules = (
			);
			dependencies = (
			);
			name = DYZB;
			productName = DYZB;
			productReference = 9FDBAAA920E3C00F00FBB57F /* DYZB.app */;
			productType = "com.apple.product-type.application";
		};
/* End PBXNativeTarget section */

/* Begin PBXProject section */
		9FDBAAA120E3C00F00FBB57F /* Project object */ = {
			isa = PBXProject;
			attributes = {
				LastSwiftUpdateCheck = 0940;
				LastUpgradeCheck = 0940;
				ORGANIZATIONNAME = Ted;
				TargetAttributes = {
					9FDBAAA820E3C00F00FBB57F = {
						CreatedOnToolsVersion = 9.4.1;
					};
				};
			};
			buildConfigurationList = 9FDBAAA420E3C00F00FBB57F /* Build configuration list for PBXProject "DYZB" */;
			compatibilityVersion = "Xcode 9.3";
			developmentRegion = en;
			hasScannedForEncodings = 0;
			knownRegions = (
				en,
				Base,
			);
			mainGroup = 9FDBAAA020E3C00F00FBB57F;
			productRefGroup = 9FDBAAAA20E3C00F00FBB57F /* Products */;
			projectDirPath = "";
			projectRoot = "";
			targets = (
				9FDBAAA820E3C00F00FBB57F /* DYZB */,
			);
		};
/* End PBXProject section */

/* Begin PBXResourcesBuildPhase section */
		9FDBAAA720E3C00F00FBB57F /* Resources */ = {
			isa = PBXResourcesBuildPhase;
			buildActionMask = 2147483647;
			files = (
				9FDBAAB720E3C01100FBB57F /* LaunchScreen.storyboard in Resources */,
				9F03DE8520E7B51600EC6F79 /* CollectionHeaderView.xib in Resources */,
				9F03DE8920E7C6AD00EC6F79 /* CollectionNormalCell.xib in Resources */,
				9FDBAAB420E3C01100FBB57F /* Assets.xcassets in Resources */,
				9FDBAAB220E3C00F00FBB57F /* Main.storyboard in Resources */,
				9F0E735120E4885300207595 /* Live.storyboard in Resources */,
				9F0E734E20E4828E00207595 /* Home.storyboard in Resources */,
				9F03DE8D20E7E9B500EC6F79 /* CollectionPrettyCell.xib in Resources */,
				9F0E735A20E4892B00207595 /* Profile.storyboard in Resources */,
				9F0E735720E4890A00207595 /* Follow.storyboard in Resources */,
			);
			runOnlyForDeploymentPostprocessing = 0;
		};
/* End PBXResourcesBuildPhase section */

/* Begin PBXShellScriptBuildPhase section */
		61DEEAD3979E2F52A4BDF32A /* [CP] Embed Pods Frameworks */ = {
			isa = PBXShellScriptBuildPhase;
			buildActionMask = 2147483647;
			files = (
			);
			inputPaths = (
				"${SRCROOT}/Pods/Target Support Files/Pods-DYZB/Pods-DYZB-frameworks.sh",
				"${BUILT_PRODUCTS_DIR}/Alamofire/Alamofire.framework",
			);
			name = "[CP] Embed Pods Frameworks";
			outputPaths = (
				"${TARGET_BUILD_DIR}/${FRAMEWORKS_FOLDER_PATH}/Alamofire.framework",
			);
			runOnlyForDeploymentPostprocessing = 0;
			shellPath = /bin/sh;
			shellScript = "\"${SRCROOT}/Pods/Target Support Files/Pods-DYZB/Pods-DYZB-frameworks.sh\"\n";
			showEnvVarsInLog = 0;
		};
		D6AC74D0D5F72C1D703AE4CB /* [CP] Check Pods Manifest.lock */ = {
			isa = PBXShellScriptBuildPhase;
			buildActionMask = 2147483647;
			files = (
			);
			inputPaths = (
				"${PODS_PODFILE_DIR_PATH}/Podfile.lock",
				"${PODS_ROOT}/Manifest.lock",
			);
			name = "[CP] Check Pods Manifest.lock";
			outputPaths = (
				"$(DERIVED_FILE_DIR)/Pods-DYZB-checkManifestLockResult.txt",
			);
			runOnlyForDeploymentPostprocessing = 0;
			shellPath = /bin/sh;
			shellScript = "diff \"${PODS_PODFILE_DIR_PATH}/Podfile.lock\" \"${PODS_ROOT}/Manifest.lock\" > /dev/null\nif [ $? != 0 ] ; then\n    # print error to STDERR\n    echo \"error: The sandbox is not in sync with the Podfile.lock. Run 'pod install' or update your CocoaPods installation.\" >&2\n    exit 1\nfi\n# This output is used by Xcode 'outputs' to avoid re-running this script phase.\necho \"SUCCESS\" > \"${SCRIPT_OUTPUT_FILE_0}\"\n";
			showEnvVarsInLog = 0;
		};
/* End PBXShellScriptBuildPhase section */

/* Begin PBXSourcesBuildPhase section */
		9FDBAAA520E3C00F00FBB57F /* Sources */ = {
			isa = PBXSourcesBuildPhase;
			buildActionMask = 2147483647;
			files = (
				9FDBAAAD20E3C00F00FBB57F /* AppDelegate.swift in Sources */,
				9F03DE8420E7B51600EC6F79 /* CollectionHeaderView.swift in Sources */,
				9F0E736920E4CEE700207595 /* UIBarButton_Extension.swift in Sources */,
				9F0E736B20E4F94B00207595 /* PageTitleView.swift in Sources */,
				9F0E76C420E8E49900DE3FF5 /* AnchorGroup.swift in Sources */,
				9F0E737120E5359100207595 /* UIColor_Extension.swift in Sources */,
				9F0E736F20E5284B00207595 /* PageContentView.swift in Sources */,
				9F0E736420E4B9AD00207595 /* MainViewController.swift in Sources */,
				9F0E736D20E4FE3800207595 /* Common.swift in Sources */,
				9F03DE8120E7946300EC6F79 /* RecommandViewController.swift in Sources */,
				9F03DE8C20E7E9B500EC6F79 /* CollectionPrettyCell.swift in Sources */,
				9F03DE8820E7C6AD00EC6F79 /* CollectionNormalCell.swift in Sources */,
				9F2CD26620E87AC2000177BA /* NetworkTools.swift in Sources */,
				9F0E76C220E8D38B00DE3FF5 /* NSDate_extension.swift in Sources */,
				9F0E736620E4BA2500207595 /* HomeViewController.swift in Sources */,
				9F0E76C020E8C49700DE3FF5 /* RecommendViewModel.swift in Sources */,
				9F6D423420E92DBA0002360A /* AnchorModel.swift in Sources */,
			);
			runOnlyForDeploymentPostprocessing = 0;
		};
/* End PBXSourcesBuildPhase section */

/* Begin PBXVariantGroup section */
		9F0E734C20E4828E00207595 /* Home.storyboard */ = {
			isa = PBXVariantGroup;
			children = (
				9F0E734D20E4828E00207595 /* Base */,
			);
			name = Home.storyboard;
			sourceTree = "<group>";
		};
		9F0E734F20E4885300207595 /* Live.storyboard */ = {
			isa = PBXVariantGroup;
			children = (
				9F0E735020E4885300207595 /* Base */,
			);
			name = Live.storyboard;
			sourceTree = "<group>";
		};
		9F0E735520E4890A00207595 /* Follow.storyboard */ = {
			isa = PBXVariantGroup;
			children = (
				9F0E735620E4890A00207595 /* Base */,
			);
			name = Follow.storyboard;
			sourceTree = "<group>";
		};
		9F0E735820E4892B00207595 /* Profile.storyboard */ = {
			isa = PBXVariantGroup;
			children = (
				9F0E735920E4892B00207595 /* Base */,
			);
			name = Profile.storyboard;
			sourceTree = "<group>";
		};
		9FDBAAB020E3C00F00FBB57F /* Main.storyboard */ = {
			isa = PBXVariantGroup;
			children = (
				9FDBAAB120E3C00F00FBB57F /* Base */,
			);
			name = Main.storyboard;
			sourceTree = "<group>";
		};
		9FDBAAB520E3C01100FBB57F /* LaunchScreen.storyboard */ = {
			isa = PBXVariantGroup;
			children = (
				9FDBAAB620E3C01100FBB57F /* Base */,
			);
			name = LaunchScreen.storyboard;
			sourceTree = "<group>";
		};
/* End PBXVariantGroup section */

/* Begin XCBuildConfiguration section */
		9FDBAAB920E3C01100FBB57F /* Debug */ = {
			isa = XCBuildConfiguration;
			buildSettings = {
				ALWAYS_SEARCH_USER_PATHS = NO;
				CLANG_ANALYZER_NONNULL = YES;
				CLANG_ANALYZER_NUMBER_OBJECT_CONVERSION = YES_AGGRESSIVE;
				CLANG_CXX_LANGUAGE_STANDARD = "gnu++14";
				CLANG_CXX_LIBRARY = "libc++";
				CLANG_ENABLE_MODULES = YES;
				CLANG_ENABLE_OBJC_ARC = YES;
				CLANG_ENABLE_OBJC_WEAK = YES;
				CLANG_WARN_BLOCK_CAPTURE_AUTORELEASING = YES;
				CLANG_WARN_BOOL_CONVERSION = YES;
				CLANG_WARN_COMMA = YES;
				CLANG_WARN_CONSTANT_CONVERSION = YES;
				CLANG_WARN_DEPRECATED_OBJC_IMPLEMENTATIONS = YES;
				CLANG_WARN_DIRECT_OBJC_ISA_USAGE = YES_ERROR;
				CLANG_WARN_DOCUMENTATION_COMMENTS = YES;
				CLANG_WARN_EMPTY_BODY = YES;
				CLANG_WARN_ENUM_CONVERSION = YES;
				CLANG_WARN_INFINITE_RECURSION = YES;
				CLANG_WARN_INT_CONVERSION = YES;
				CLANG_WARN_NON_LITERAL_NULL_CONVERSION = YES;
				CLANG_WARN_OBJC_IMPLICIT_RETAIN_SELF = YES;
				CLANG_WARN_OBJC_LITERAL_CONVERSION = YES;
				CLANG_WARN_OBJC_ROOT_CLASS = YES_ERROR;
				CLANG_WARN_RANGE_LOOP_ANALYSIS = YES;
				CLANG_WARN_STRICT_PROTOTYPES = YES;
				CLANG_WARN_SUSPICIOUS_MOVE = YES;
				CLANG_WARN_UNGUARDED_AVAILABILITY = YES_AGGRESSIVE;
				CLANG_WARN_UNREACHABLE_CODE = YES;
				CLANG_WARN__DUPLICATE_METHOD_MATCH = YES;
				CODE_SIGN_IDENTITY = "iPhone Developer";
				COPY_PHASE_STRIP = NO;
				DEBUG_INFORMATION_FORMAT = dwarf;
				ENABLE_STRICT_OBJC_MSGSEND = YES;
				ENABLE_TESTABILITY = YES;
				GCC_C_LANGUAGE_STANDARD = gnu11;
				GCC_DYNAMIC_NO_PIC = NO;
				GCC_NO_COMMON_BLOCKS = YES;
				GCC_OPTIMIZATION_LEVEL = 0;
				GCC_PREPROCESSOR_DEFINITIONS = (
					"DEBUG=1",
					"$(inherited)",
				);
				GCC_WARN_64_TO_32_BIT_CONVERSION = YES;
				GCC_WARN_ABOUT_RETURN_TYPE = YES_ERROR;
				GCC_WARN_UNDECLARED_SELECTOR = YES;
				GCC_WARN_UNINITIALIZED_AUTOS = YES_AGGRESSIVE;
				GCC_WARN_UNUSED_FUNCTION = YES;
				GCC_WARN_UNUSED_VARIABLE = YES;
				IPHONEOS_DEPLOYMENT_TARGET = 11.4;
				MTL_ENABLE_DEBUG_INFO = YES;
				ONLY_ACTIVE_ARCH = YES;
				SDKROOT = iphoneos;
				SWIFT_ACTIVE_COMPILATION_CONDITIONS = DEBUG;
				SWIFT_OPTIMIZATION_LEVEL = "-Onone";
			};
			name = Debug;
		};
		9FDBAABA20E3C01100FBB57F /* Release */ = {
			isa = XCBuildConfiguration;
			buildSettings = {
				ALWAYS_SEARCH_USER_PATHS = NO;
				CLANG_ANALYZER_NONNULL = YES;
				CLANG_ANALYZER_NUMBER_OBJECT_CONVERSION = YES_AGGRESSIVE;
				CLANG_CXX_LANGUAGE_STANDARD = "gnu++14";
				CLANG_CXX_LIBRARY = "libc++";
				CLANG_ENABLE_MODULES = YES;
				CLANG_ENABLE_OBJC_ARC = YES;
				CLANG_ENABLE_OBJC_WEAK = YES;
				CLANG_WARN_BLOCK_CAPTURE_AUTORELEASING = YES;
				CLANG_WARN_BOOL_CONVERSION = YES;
				CLANG_WARN_COMMA = YES;
				CLANG_WARN_CONSTANT_CONVERSION = YES;
				CLANG_WARN_DEPRECATED_OBJC_IMPLEMENTATIONS = YES;
				CLANG_WARN_DIRECT_OBJC_ISA_USAGE = YES_ERROR;
				CLANG_WARN_DOCUMENTATION_COMMENTS = YES;
				CLANG_WARN_EMPTY_BODY = YES;
				CLANG_WARN_ENUM_CONVERSION = YES;
				CLANG_WARN_INFINITE_RECURSION = YES;
				CLANG_WARN_INT_CONVERSION = YES;
				CLANG_WARN_NON_LITERAL_NULL_CONVERSION = YES;
				CLANG_WARN_OBJC_IMPLICIT_RETAIN_SELF = YES;
				CLANG_WARN_OBJC_LITERAL_CONVERSION = YES;
				CLANG_WARN_OBJC_ROOT_CLASS = YES_ERROR;
				CLANG_WARN_RANGE_LOOP_ANALYSIS = YES;
				CLANG_WARN_STRICT_PROTOTYPES = YES;
				CLANG_WARN_SUSPICIOUS_MOVE = YES;
				CLANG_WARN_UNGUARDED_AVAILABILITY = YES_AGGRESSIVE;
				CLANG_WARN_UNREACHABLE_CODE = YES;
				CLANG_WARN__DUPLICATE_METHOD_MATCH = YES;
				CODE_SIGN_IDENTITY = "iPhone Developer";
				COPY_PHASE_STRIP = NO;
				DEBUG_INFORMATION_FORMAT = "dwarf-with-dsym";
				ENABLE_NS_ASSERTIONS = NO;
				ENABLE_STRICT_OBJC_MSGSEND = YES;
				GCC_C_LANGUAGE_STANDARD = gnu11;
				GCC_NO_COMMON_BLOCKS = YES;
				GCC_WARN_64_TO_32_BIT_CONVERSION = YES;
				GCC_WARN_ABOUT_RETURN_TYPE = YES_ERROR;
				GCC_WARN_UNDECLARED_SELECTOR = YES;
				GCC_WARN_UNINITIALIZED_AUTOS = YES_AGGRESSIVE;
				GCC_WARN_UNUSED_FUNCTION = YES;
				GCC_WARN_UNUSED_VARIABLE = YES;
				IPHONEOS_DEPLOYMENT_TARGET = 11.4;
				MTL_ENABLE_DEBUG_INFO = NO;
				SDKROOT = iphoneos;
				SWIFT_COMPILATION_MODE = wholemodule;
				SWIFT_OPTIMIZATION_LEVEL = "-O";
				VALIDATE_PRODUCT = YES;
			};
			name = Release;
		};
		9FDBAABC20E3C01100FBB57F /* Debug */ = {
			isa = XCBuildConfiguration;
			baseConfigurationReference = C525EC32BBB167E08A17D125 /* Pods-DYZB.debug.xcconfig */;
			buildSettings = {
				ASSETCATALOG_COMPILER_APPICON_NAME = AppIcon;
				ASSETCATALOG_COMPILER_LAUNCHIMAGE_NAME = LaunchImage;
				CODE_SIGN_STYLE = Automatic;
				DEVELOPMENT_TEAM = 3KUM3N99G9;
				INFOPLIST_FILE = DYZB/Info.plist;
				IPHONEOS_DEPLOYMENT_TARGET = 9.0;
				LD_RUNPATH_SEARCH_PATHS = (
					"$(inherited)",
					"@executable_path/Frameworks",
				);
				PRODUCT_BUNDLE_IDENTIFIER = club.badteacher.DYZB;
				PRODUCT_NAME = "$(TARGET_NAME)";
				SWIFT_VERSION = 4.0;
				TARGETED_DEVICE_FAMILY = 1;
			};
			name = Debug;
		};
		9FDBAABD20E3C01100FBB57F /* Release */ = {
			isa = XCBuildConfiguration;
			baseConfigurationReference = EB749788A44674D5C4B6C023 /* Pods-DYZB.release.xcconfig */;
			buildSettings = {
				ASSETCATALOG_COMPILER_APPICON_NAME = AppIcon;
				ASSETCATALOG_COMPILER_LAUNCHIMAGE_NAME = LaunchImage;
				CODE_SIGN_STYLE = Automatic;
				DEVELOPMENT_TEAM = 3KUM3N99G9;
				INFOPLIST_FILE = DYZB/Info.plist;
				IPHONEOS_DEPLOYMENT_TARGET = 9.0;
				LD_RUNPATH_SEARCH_PATHS = (
					"$(inherited)",
					"@executable_path/Frameworks",
				);
				PRODUCT_BUNDLE_IDENTIFIER = club.badteacher.DYZB;
				PRODUCT_NAME = "$(TARGET_NAME)";
				SWIFT_VERSION = 4.0;
				TARGETED_DEVICE_FAMILY = 1;
			};
			name = Release;
		};
/* End XCBuildConfiguration section */

/* Begin XCConfigurationList section */
		9FDBAAA420E3C00F00FBB57F /* Build configuration list for PBXProject "DYZB" */ = {
			isa = XCConfigurationList;
			buildConfigurations = (
				9FDBAAB920E3C01100FBB57F /* Debug */,
				9FDBAABA20E3C01100FBB57F /* Release */,
			);
			defaultConfigurationIsVisible = 0;
			defaultConfigurationName = Release;
		};
		9FDBAABB20E3C01100FBB57F /* Build configuration list for PBXNativeTarget "DYZB" */ = {
			isa = XCConfigurationList;
			buildConfigurations = (
				9FDBAABC20E3C01100FBB57F /* Debug */,
				9FDBAABD20E3C01100FBB57F /* Release */,
			);
			defaultConfigurationIsVisible = 0;
			defaultConfigurationName = Release;
		};
/* End XCConfigurationList section */
	};
	rootObject = 9FDBAAA120E3C00F00FBB57F /* Project object */;
}
